
Microsoft Visual Studio Solution File, Format Version 12.00
# Visual Studio Version 16
VisualStudioVersion = 16.0.29709.97
MinimumVisualStudioVersion = 10.0.40219.1
Project("{FAE04EC0-301F-11D3-BF4B-00C04F79EFBC}") = "MongoDBDemo", "MongoDBDemo\MongoDBDemo.csproj", "{09FDD4BB-B9EC-4F25-8579-F46C2B9E0D71}"
EndProject
Global
	GlobalSection(SolutionConfigurationPlatforms) = preSolution
		Debug|Any CPU = Debug|Any CPU
		Release|Any CPU = Release|Any CPU
	EndGlobalSection
	GlobalSection(ProjectConfigurationPlatforms) = postSolution
		{09FDD4BB-B9EC-4F25-8579-F46C2B9E0D71}.Debug|Any CPU.ActiveCfg = Debug|Any CPU
		{09FDD4BB-B9EC-4F25-8579-F46C2B9E0D71}.Debug|Any CPU.Build.0 = Debug|Any CPU
		{09FDD4BB-B9EC-4F25-8579-F46C2B9E0D71}.Release|Any CPU.ActiveCfg = Release|Any CPU
		{09FDD4BB-B9EC-4F25-8579-F46C2B9E0D71}.Release|Any CPU.Build.0 = Release|Any CPU
	EndGlobalSection
	GlobalSection(SolutionProperties) = preSolution
		HideSolutionNode = FALSE
	EndGlobalSection
	GlobalSection(ExtensibilityGlobals) = postSolution
		SolutionGuid = {CCFE6424-D6F8-484C-B4E2-4A8A44B4620A}
	EndGlobalSection
EndGlobal
